
Microsoft Visual Studio Solution File, Format Version 12.00
# Visual Studio 15
VisualStudioVersion = 15.0.26228.4
MinimumVisualStudioVersion = 10.0.40219.1
Project("{9A19103F-16F7-4668-BE54-9A1E7A4F7556}") = "MemBus", "MemBus\MemBus.csproj", "{CF9CB06E-1BF1-4A34-B393-0CE21DCDA271}"
EndProject
Project("{9A19103F-16F7-4668-BE54-9A1E7A4F7556}") = "MemBus.Tests", "MemBus.Tests\MemBus.Tests.csproj", "{D6F469D9-0709-405E-BC87-44B8E8A42502}"
EndProject
Global
	GlobalSection(SolutionConfigurationPlatforms) = preSolution
		Debug|Any CPU = Debug|Any CPU
		Debug|x64 = Debug|x64
		Debug|x86 = Debug|x86
		Release|Any CPU = Release|Any CPU
		Release|x64 = Release|x64
		Release|x86 = Release|x86
	EndGlobalSection
	GlobalSection(ProjectConfigurationPlatforms) = postSolution
		{CF9CB06E-1BF1-4A34-B393-0CE21DCDA271}.Debug|Any CPU.ActiveCfg = Debug|Any CPU
		{CF9CB06E-1BF1-4A34-B393-0CE21DCDA271}.Debug|Any CPU.Build.0 = Debug|Any CPU
		{CF9CB06E-1BF1-4A34-B393-0CE21DCDA271}.Debug|x64.ActiveCfg = Debug|Any CPU
		{CF9CB06E-1BF1-4A34-B393-0CE21DCDA271}.Debug|x64.Build.0 = Debug|Any CPU
		{CF9CB06E-1BF1-4A34-B393-0CE21DCDA271}.Debug|x86.ActiveCfg = Debug|Any CPU
		{CF9CB06E-1BF1-4A34-B393-0CE21DCDA271}.Debug|x86.Build.0 = Debug|Any CPU
		{CF9CB06E-1BF1-4A34-B393-0CE21DCDA271}.Release|Any CPU.ActiveCfg = Release|Any CPU
		{CF9CB06E-1BF1-4A34-B393-0CE21DCDA271}.Release|Any CPU.Build.0 = Release|Any CPU
		{CF9CB06E-1BF1-4A34-B393-0CE21DCDA271}.Release|x64.ActiveCfg = Release|Any CPU
		{CF9CB06E-1BF1-4A34-B393-0CE21DCDA271}.Release|x64.Build.0 = Release|Any CPU
		{CF9CB06E-1BF1-4A34-B393-0CE21DCDA271}.Release|x86.ActiveCfg = Release|Any CPU
		{CF9CB06E-1BF1-4A34-B393-0CE21DCDA271}.Release|x86.Build.0 = Release|Any CPU
		{D6F469D9-0709-405E-BC87-44B8E8A42502}.Debug|Any CPU.ActiveCfg = Debug|Any CPU
		{D6F469D9-0709-405E-BC87-44B8E8A42502}.Debug|Any CPU.Build.0 = Debug|Any CPU
		{D6F469D9-0709-405E-BC87-44B8E8A42502}.Debug|x64.ActiveCfg = Debug|Any CPU
		{D6F469D9-0709-405E-BC87-44B8E8A42502}.Debug|x64.Build.0 = Debug|Any CPU
		{D6F469D9-0709-405E-BC87-44B8E8A42502}.Debug|x86.ActiveCfg = Debug|Any CPU
		{D6F469D9-0709-405E-BC87-44B8E8A42502}.Debug|x86.Build.0 = Debug|Any CPU
		{D6F469D9-0709-405E-BC87-44B8E8A42502}.Release|Any CPU.ActiveCfg = Release|Any CPU
		{D6F469D9-0709-405E-BC87-44B8E8A42502}.Release|Any CPU.Build.0 = Release|Any CPU
		{D6F469D9-0709-405E-BC87-44B8E8A42502}.Release|x64.ActiveCfg = Release|Any CPU
		{D6F469D9-0709-405E-BC87-44B8E8A42502}.Release|x64.Build.0 = Release|Any CPU
		{D6F469D9-0709-405E-BC87-44B8E8A42502}.Release|x86.ActiveCfg = Release|Any CPU
		{D6F469D9-0709-405E-BC87-44B8E8A42502}.Release|x86.Build.0 = Release|Any CPU
	EndGlobalSection
	GlobalSection(SolutionProperties) = preSolution
		HideSolutionNode = FALSE
	EndGlobalSection
EndGlobal
