
Microsoft Visual Studio Solution File, Format Version 11.00
# Visual Studio 2010
Project("{FAE04EC0-301F-11D3-BF4B-00C04F79EFBC}") = "MemBus", "MemBus\MemBus.csproj", "{708D3958-76FA-42F9-A2A7-2926F2734E0E}"
EndProject
Project("{FAE04EC0-301F-11D3-BF4B-00C04F79EFBC}") = "MemBus.Tests", "MemBus.Tests\MemBus.Tests.csproj", "{1EC6C146-3F52-4BFB-8123-999743BEC991}"
EndProject
Project("{FAE04EC0-301F-11D3-BF4B-00C04F79EFBC}") = "Membus.Reactive.Tests", "Membus.Reactive.Tests\Membus.Reactive.Tests.csproj", "{C20EBE21-CC17-4A53-ADAF-6C4EE8D09A37}"
EndProject
Project("{2150E333-8FDC-42A3-9474-1A3956D46DE8}") = "TestAids", "TestAids", "{6541003E-F772-4B40-AE75-37580AC83714}"
	ProjectSection(SolutionItems) = preProject
		TestAids\AssertExtensions.cs = TestAids\AssertExtensions.cs
	EndProjectSection
EndProject
Project("{FAE04EC0-301F-11D3-BF4B-00C04F79EFBC}") = "MemBus.Tests.Performance", "MemBus.Tests.Performance\MemBus.Tests.Performance.csproj", "{F3A4F168-8958-430A-94DD-7689EB12553F}"
EndProject
Global
	GlobalSection(SolutionConfigurationPlatforms) = preSolution
		Debug|Any CPU = Debug|Any CPU
		Debug|Mixed Platforms = Debug|Mixed Platforms
		Debug|x86 = Debug|x86
		Release|Any CPU = Release|Any CPU
		Release|Mixed Platforms = Release|Mixed Platforms
		Release|x86 = Release|x86
	EndGlobalSection
	GlobalSection(ProjectConfigurationPlatforms) = postSolution
		{708D3958-76FA-42F9-A2A7-2926F2734E0E}.Debug|Any CPU.ActiveCfg = Debug|Any CPU
		{708D3958-76FA-42F9-A2A7-2926F2734E0E}.Debug|Any CPU.Build.0 = Debug|Any CPU
		{708D3958-76FA-42F9-A2A7-2926F2734E0E}.Debug|Mixed Platforms.ActiveCfg = Debug|Any CPU
		{708D3958-76FA-42F9-A2A7-2926F2734E0E}.Debug|Mixed Platforms.Build.0 = Debug|Any CPU
		{708D3958-76FA-42F9-A2A7-2926F2734E0E}.Debug|x86.ActiveCfg = Debug|Any CPU
		{708D3958-76FA-42F9-A2A7-2926F2734E0E}.Release|Any CPU.ActiveCfg = Release|Any CPU
		{708D3958-76FA-42F9-A2A7-2926F2734E0E}.Release|Any CPU.Build.0 = Release|Any CPU
		{708D3958-76FA-42F9-A2A7-2926F2734E0E}.Release|Mixed Platforms.ActiveCfg = Release|Any CPU
		{708D3958-76FA-42F9-A2A7-2926F2734E0E}.Release|Mixed Platforms.Build.0 = Release|Any CPU
		{708D3958-76FA-42F9-A2A7-2926F2734E0E}.Release|x86.ActiveCfg = Release|Any CPU
		{1EC6C146-3F52-4BFB-8123-999743BEC991}.Debug|Any CPU.ActiveCfg = Debug|Any CPU
		{1EC6C146-3F52-4BFB-8123-999743BEC991}.Debug|Any CPU.Build.0 = Debug|Any CPU
		{1EC6C146-3F52-4BFB-8123-999743BEC991}.Debug|Mixed Platforms.ActiveCfg = Debug|Any CPU
		{1EC6C146-3F52-4BFB-8123-999743BEC991}.Debug|Mixed Platforms.Build.0 = Debug|Any CPU
		{1EC6C146-3F52-4BFB-8123-999743BEC991}.Debug|x86.ActiveCfg = Debug|Any CPU
		{1EC6C146-3F52-4BFB-8123-999743BEC991}.Release|Any CPU.ActiveCfg = Release|Any CPU
		{1EC6C146-3F52-4BFB-8123-999743BEC991}.Release|Any CPU.Build.0 = Release|Any CPU
		{1EC6C146-3F52-4BFB-8123-999743BEC991}.Release|Mixed Platforms.ActiveCfg = Release|Any CPU
		{1EC6C146-3F52-4BFB-8123-999743BEC991}.Release|Mixed Platforms.Build.0 = Release|Any CPU
		{1EC6C146-3F52-4BFB-8123-999743BEC991}.Release|x86.ActiveCfg = Release|Any CPU
		{C20EBE21-CC17-4A53-ADAF-6C4EE8D09A37}.Debug|Any CPU.ActiveCfg = Debug|Any CPU
		{C20EBE21-CC17-4A53-ADAF-6C4EE8D09A37}.Debug|Any CPU.Build.0 = Debug|Any CPU
		{C20EBE21-CC17-4A53-ADAF-6C4EE8D09A37}.Debug|Mixed Platforms.ActiveCfg = Debug|Any CPU
		{C20EBE21-CC17-4A53-ADAF-6C4EE8D09A37}.Debug|Mixed Platforms.Build.0 = Debug|Any CPU
		{C20EBE21-CC17-4A53-ADAF-6C4EE8D09A37}.Debug|x86.ActiveCfg = Debug|Any CPU
		{C20EBE21-CC17-4A53-ADAF-6C4EE8D09A37}.Release|Any CPU.ActiveCfg = Release|Any CPU
		{C20EBE21-CC17-4A53-ADAF-6C4EE8D09A37}.Release|Any CPU.Build.0 = Release|Any CPU
		{C20EBE21-CC17-4A53-ADAF-6C4EE8D09A37}.Release|Mixed Platforms.ActiveCfg = Release|Any CPU
		{C20EBE21-CC17-4A53-ADAF-6C4EE8D09A37}.Release|Mixed Platforms.Build.0 = Release|Any CPU
		{C20EBE21-CC17-4A53-ADAF-6C4EE8D09A37}.Release|x86.ActiveCfg = Release|Any CPU
		{F3A4F168-8958-430A-94DD-7689EB12553F}.Debug|Any CPU.ActiveCfg = Debug|Any CPU
		{F3A4F168-8958-430A-94DD-7689EB12553F}.Debug|Any CPU.Build.0 = Debug|Any CPU
		{F3A4F168-8958-430A-94DD-7689EB12553F}.Debug|Mixed Platforms.ActiveCfg = Debug|x86
		{F3A4F168-8958-430A-94DD-7689EB12553F}.Debug|Mixed Platforms.Build.0 = Debug|x86
		{F3A4F168-8958-430A-94DD-7689EB12553F}.Debug|x86.ActiveCfg = Debug|x86
		{F3A4F168-8958-430A-94DD-7689EB12553F}.Debug|x86.Build.0 = Debug|x86
		{F3A4F168-8958-430A-94DD-7689EB12553F}.Release|Any CPU.ActiveCfg = Release|x86
		{F3A4F168-8958-430A-94DD-7689EB12553F}.Release|Mixed Platforms.ActiveCfg = Release|x86
		{F3A4F168-8958-430A-94DD-7689EB12553F}.Release|Mixed Platforms.Build.0 = Release|x86
		{F3A4F168-8958-430A-94DD-7689EB12553F}.Release|x86.ActiveCfg = Release|x86
		{F3A4F168-8958-430A-94DD-7689EB12553F}.Release|x86.Build.0 = Release|x86
	EndGlobalSection
	GlobalSection(SolutionProperties) = preSolution
		HideSolutionNode = FALSE
	EndGlobalSection
	GlobalSection(NDepend) = preSolution
		Project = ".\MemBus.ndproj"
	EndGlobalSection
EndGlobal
