
Microsoft Visual Studio Solution File, Format Version 11.00
# Visual Studio 2010
Project("{FAE04EC0-301F-11D3-BF4B-00C04F79EFBC}") = "MemBus", "MemBus\MemBus.csproj", "{708D3958-76FA-42F9-A2A7-2926F2734E0E}"
EndProject
Project("{FAE04EC0-301F-11D3-BF4B-00C04F79EFBC}") = "MemBus.Tests", "MemBus.Tests\MemBus.Tests.csproj", "{1EC6C146-3F52-4BFB-8123-999743BEC991}"
EndProject
Global
	GlobalSection(SolutionConfigurationPlatforms) = preSolution
		Debug|Any CPU = Debug|Any CPU
		Release|Any CPU = Release|Any CPU
	EndGlobalSection
	GlobalSection(ProjectConfigurationPlatforms) = postSolution
		{708D3958-76FA-42F9-A2A7-2926F2734E0E}.Debug|Any CPU.ActiveCfg = Debug|Any CPU
		{708D3958-76FA-42F9-A2A7-2926F2734E0E}.Debug|Any CPU.Build.0 = Debug|Any CPU
		{708D3958-76FA-42F9-A2A7-2926F2734E0E}.Release|Any CPU.ActiveCfg = Release|Any CPU
		{708D3958-76FA-42F9-A2A7-2926F2734E0E}.Release|Any CPU.Build.0 = Release|Any CPU
		{1EC6C146-3F52-4BFB-8123-999743BEC991}.Debug|Any CPU.ActiveCfg = Debug|Any CPU
		{1EC6C146-3F52-4BFB-8123-999743BEC991}.Debug|Any CPU.Build.0 = Debug|Any CPU
		{1EC6C146-3F52-4BFB-8123-999743BEC991}.Release|Any CPU.ActiveCfg = Release|Any CPU
		{1EC6C146-3F52-4BFB-8123-999743BEC991}.Release|Any CPU.Build.0 = Release|Any CPU
	EndGlobalSection
	GlobalSection(SolutionProperties) = preSolution
		HideSolutionNode = FALSE
	EndGlobalSection
EndGlobal
